// !$*UTF8*$!
{
	archiveVersion = 1;
	classes = {
	};
	objectVersion = 50;
	objects = {

/* Begin PBXBuildFile section */
		BB477573251211E700AE185B /* AppDelegate.swift in Sources */ = {isa = PBXBuildFile; fileRef = BB477572251211E700AE185B /* AppDelegate.swift */; };
		BB477575251211E700AE185B /* SceneDelegate.swift in Sources */ = {isa = PBXBuildFile; fileRef = BB477574251211E700AE185B /* SceneDelegate.swift */; };
		BB477577251211E700AE185B /* ViewController.swift in Sources */ = {isa = PBXBuildFile; fileRef = BB477576251211E700AE185B /* ViewController.swift */; };
		BB47757A251211E700AE185B /* Main.storyboard in Resources */ = {isa = PBXBuildFile; fileRef = BB477578251211E700AE185B /* Main.storyboard */; };
		BB47757C251211EC00AE185B /* Assets.xcassets in Resources */ = {isa = PBXBuildFile; fileRef = BB47757B251211EC00AE185B /* Assets.xcassets */; };
		BB47757F251211EC00AE185B /* LaunchScreen.storyboard in Resources */ = {isa = PBXBuildFile; fileRef = BB47757D251211EC00AE185B /* LaunchScreen.storyboard */; };
		BB477588251229CF00AE185B /* UIViewExtention.swift in Sources */ = {isa = PBXBuildFile; fileRef = BB477587251229CF00AE185B /* UIViewExtention.swift */; };
		BB47758C25123DD000AE185B /* UIViewControlerExtentions.swift in Sources */ = {isa = PBXBuildFile; fileRef = BB47758B25123DD000AE185B /* UIViewControlerExtentions.swift */; };
		BB4775912512462F00AE185B /* UIColorExtention.swift in Sources */ = {isa = PBXBuildFile; fileRef = BB4775902512462F00AE185B /* UIColorExtention.swift */; };
		BB477593251298BF00AE185B /* GoogleService-Info.plist in Resources */ = {isa = PBXBuildFile; fileRef = BB477592251298BF00AE185B /* GoogleService-Info.plist */; };
/* End PBXBuildFile section */

/* Begin PBXFileReference section */
		BB47756F251211E700AE185B /* InstaPhoto.app */ = {isa = PBXFileReference; explicitFileType = wrapper.application; includeInIndex = 0; path = InstaPhoto.app; sourceTree = BUILT_PRODUCTS_DIR; };
		BB477572251211E700AE185B /* AppDelegate.swift */ = {isa = PBXFileReference; lastKnownFileType = sourcecode.swift; path = AppDelegate.swift; sourceTree = "<group>"; };
		BB477574251211E700AE185B /* SceneDelegate.swift */ = {isa = PBXFileReference; lastKnownFileType = sourcecode.swift; path = SceneDelegate.swift; sourceTree = "<group>"; };
		BB477576251211E700AE185B /* ViewController.swift */ = {isa = PBXFileReference; lastKnownFileType = sourcecode.swift; path = ViewController.swift; sourceTree = "<group>"; };
		BB477579251211E700AE185B /* Base */ = {isa = PBXFileReference; lastKnownFileType = file.storyboard; name = Base; path = Base.lproj/Main.storyboard; sourceTree = "<group>"; };
		BB47757B251211EC00AE185B /* Assets.xcassets */ = {isa = PBXFileReference; lastKnownFileType = folder.assetcatalog; path = Assets.xcassets; sourceTree = "<group>"; };
		BB47757E251211EC00AE185B /* Base */ = {isa = PBXFileReference; lastKnownFileType = file.storyboard; name = Base; path = Base.lproj/LaunchScreen.storyboard; sourceTree = "<group>"; };
		BB477580251211EC00AE185B /* Info.plist */ = {isa = PBXFileReference; lastKnownFileType = text.plist.xml; path = Info.plist; sourceTree = "<group>"; };
		BB477587251229CF00AE185B /* UIViewExtention.swift */ = {isa = PBXFileReference; lastKnownFileType = sourcecode.swift; path = UIViewExtention.swift; sourceTree = "<group>"; };
		BB47758B25123DD000AE185B /* UIViewControlerExtentions.swift */ = {isa = PBXFileReference; lastKnownFileType = sourcecode.swift; path = UIViewControlerExtentions.swift; sourceTree = "<group>"; };
		BB4775902512462F00AE185B /* UIColorExtention.swift */ = {isa = PBXFileReference; lastKnownFileType = sourcecode.swift; path = UIColorExtention.swift; sourceTree = "<group>"; };
		BB477592251298BF00AE185B /* GoogleService-Info.plist */ = {isa = PBXFileReference; fileEncoding = 4; lastKnownFileType = text.plist.xml; path = "GoogleService-Info.plist"; sourceTree = "<group>"; };
/* End PBXFileReference section */

/* Begin PBXFrameworksBuildPhase section */
		BB47756C251211E700AE185B /* Frameworks */ = {
			isa = PBXFrameworksBuildPhase;
			buildActionMask = 2147483647;
			files = (
			);
			runOnlyForDeploymentPostprocessing = 0;
		};
/* End PBXFrameworksBuildPhase section */

/* Begin PBXGroup section */
		BB477566251211E700AE185B = {
			isa = PBXGroup;
			children = (
				BB477571251211E700AE185B /* InstaPhoto */,
				BB477570251211E700AE185B /* Products */,
			);
			sourceTree = "<group>";
		};
		BB477570251211E700AE185B /* Products */ = {
			isa = PBXGroup;
			children = (
				BB47756F251211E700AE185B /* InstaPhoto.app */,
			);
			name = Products;
			sourceTree = "<group>";
		};
		BB477571251211E700AE185B /* InstaPhoto */ = {
			isa = PBXGroup;
			children = (
				BB47758D2512451800AE185B /* Extentions */,
				BB477572251211E700AE185B /* AppDelegate.swift */,
				BB477574251211E700AE185B /* SceneDelegate.swift */,
				BB477576251211E700AE185B /* ViewController.swift */,
				BB477578251211E700AE185B /* Main.storyboard */,
				BB47757B251211EC00AE185B /* Assets.xcassets */,
				BB477592251298BF00AE185B /* GoogleService-Info.plist */,
				BB47757D251211EC00AE185B /* LaunchScreen.storyboard */,
				BB477580251211EC00AE185B /* Info.plist */,
			);
			path = InstaPhoto;
			sourceTree = "<group>";
		};
		BB4775862512298300AE185B /* UIView+Extention */ = {
			isa = PBXGroup;
			children = (
				BB477587251229CF00AE185B /* UIViewExtention.swift */,
			);
			path = "UIView+Extention";
			sourceTree = "<group>";
		};
		BB47758925123D8B00AE185B /* UIColor+Extentions */ = {
			isa = PBXGroup;
			children = (
				BB4775902512462F00AE185B /* UIColorExtention.swift */,
			);
			path = "UIColor+Extentions";
			sourceTree = "<group>";
		};
		BB47758A25123D9D00AE185B /* UIVIewController+Extentions */ = {
			isa = PBXGroup;
			children = (
				BB47758B25123DD000AE185B /* UIViewControlerExtentions.swift */,
			);
			path = "UIVIewController+Extentions";
			sourceTree = "<group>";
		};
		BB47758D2512451800AE185B /* Extentions */ = {
			isa = PBXGroup;
			children = (
				BB47758925123D8B00AE185B /* UIColor+Extentions */,
				BB4775862512298300AE185B /* UIView+Extention */,
				BB47758A25123D9D00AE185B /* UIVIewController+Extentions */,
			);
			path = Extentions;
			sourceTree = "<group>";
		};
/* End PBXGroup section */

/* Begin PBXNativeTarget section */
		BB47756E251211E700AE185B /* InstaPhoto */ = {
			isa = PBXNativeTarget;
			buildConfigurationList = BB477583251211EC00AE185B /* Build configuration list for PBXNativeTarget "InstaPhoto" */;
			buildPhases = (
				BB47756B251211E700AE185B /* Sources */,
				BB47756C251211E700AE185B /* Frameworks */,
				BB47756D251211E700AE185B /* Resources */,
			);
			buildRules = (
			);
			dependencies = (
			);
			name = InstaPhoto;
			productName = InstaPhoto;
			productReference = BB47756F251211E700AE185B /* InstaPhoto.app */;
			productType = "com.apple.product-type.application";
		};
/* End PBXNativeTarget section */

/* Begin PBXProject section */
		BB477567251211E700AE185B /* Project object */ = {
			isa = PBXProject;
			attributes = {
				LastSwiftUpdateCheck = 1120;
				LastUpgradeCheck = 1120;
				ORGANIZATIONNAME = "Mahmoud Abdul-Wahab";
				TargetAttributes = {
					BB47756E251211E700AE185B = {
						CreatedOnToolsVersion = 11.2;
					};
				};
			};
			buildConfigurationList = BB47756A251211E700AE185B /* Build configuration list for PBXProject "InstaPhoto" */;
			compatibilityVersion = "Xcode 9.3";
			developmentRegion = en;
			hasScannedForEncodings = 0;
			knownRegions = (
				en,
				Base,
			);
			mainGroup = BB477566251211E700AE185B;
			productRefGroup = BB477570251211E700AE185B /* Products */;
			projectDirPath = "";
			projectRoot = "";
			targets = (
				BB47756E251211E700AE185B /* InstaPhoto */,
			);
		};
/* End PBXProject section */

/* Begin PBXResourcesBuildPhase section */
		BB47756D251211E700AE185B /* Resources */ = {
			isa = PBXResourcesBuildPhase;
			buildActionMask = 2147483647;
			files = (
				BB47757F251211EC00AE185B /* LaunchScreen.storyboard in Resources */,
				BB47757C251211EC00AE185B /* Assets.xcassets in Resources */,
				BB47757A251211E700AE185B /* Main.storyboard in Resources */,
				BB477593251298BF00AE185B /* GoogleService-Info.plist in Resources */,
			);
			runOnlyForDeploymentPostprocessing = 0;
		};
/* End PBXResourcesBuildPhase section */

/* Begin PBXSourcesBuildPhase section */
		BB47756B251211E700AE185B /* Sources */ = {
			isa = PBXSourcesBuildPhase;
			buildActionMask = 2147483647;
			files = (
				BB47758C25123DD000AE185B /* UIViewControlerExtentions.swift in Sources */,
				BB477577251211E700AE185B /* ViewController.swift in Sources */,
				BB4775912512462F00AE185B /* UIColorExtention.swift in Sources */,
				BB477573251211E700AE185B /* AppDelegate.swift in Sources */,
				BB477575251211E700AE185B /* SceneDelegate.swift in Sources */,
				BB477588251229CF00AE185B /* UIViewExtention.swift in Sources */,
			);
			runOnlyForDeploymentPostprocessing = 0;
		};
/* End PBXSourcesBuildPhase section */

/* Begin PBXVariantGroup section */
		BB477578251211E700AE185B /* Main.storyboard */ = {
			isa = PBXVariantGroup;
			children = (
				BB477579251211E700AE185B /* Base */,
			);
			name = Main.storyboard;
			sourceTree = "<group>";
		};
		BB47757D251211EC00AE185B /* LaunchScreen.storyboard */ = {
			isa = PBXVariantGroup;
			children = (
				BB47757E251211EC00AE185B /* Base */,
			);
			name = LaunchScreen.storyboard;
			sourceTree = "<group>";
		};
/* End PBXVariantGroup section */

/* Begin XCBuildConfiguration section */
		BB477581251211EC00AE185B /* Debug */ = {
			isa = XCBuildConfiguration;
			buildSettings = {
				ALWAYS_SEARCH_USER_PATHS = NO;
				CLANG_ANALYZER_NONNULL = YES;
				CLANG_ANALYZER_NUMBER_OBJECT_CONVERSION = YES_AGGRESSIVE;
				CLANG_CXX_LANGUAGE_STANDARD = "gnu++14";
				CLANG_CXX_LIBRARY = "libc++";
				CLANG_ENABLE_MODULES = YES;
				CLANG_ENABLE_OBJC_ARC = YES;
				CLANG_ENABLE_OBJC_WEAK = YES;
				CLANG_WARN_BLOCK_CAPTURE_AUTORELEASING = YES;
				CLANG_WARN_BOOL_CONVERSION = YES;
				CLANG_WARN_COMMA = YES;
				CLANG_WARN_CONSTANT_CONVERSION = YES;
				CLANG_WARN_DEPRECATED_OBJC_IMPLEMENTATIONS = YES;
				CLANG_WARN_DIRECT_OBJC_ISA_USAGE = YES_ERROR;
				CLANG_WARN_DOCUMENTATION_COMMENTS = YES;
				CLANG_WARN_EMPTY_BODY = YES;
				CLANG_WARN_ENUM_CONVERSION = YES;
				CLANG_WARN_INFINITE_RECURSION = YES;
				CLANG_WARN_INT_CONVERSION = YES;
				CLANG_WARN_NON_LITERAL_NULL_CONVERSION = YES;
				CLANG_WARN_OBJC_IMPLICIT_RETAIN_SELF = YES;
				CLANG_WARN_OBJC_LITERAL_CONVERSION = YES;
				CLANG_WARN_OBJC_ROOT_CLASS = YES_ERROR;
				CLANG_WARN_RANGE_LOOP_ANALYSIS = YES;
				CLANG_WARN_STRICT_PROTOTYPES = YES;
				CLANG_WARN_SUSPICIOUS_MOVE = YES;
				CLANG_WARN_UNGUARDED_AVAILABILITY = YES_AGGRESSIVE;
				CLANG_WARN_UNREACHABLE_CODE = YES;
				CLANG_WARN__DUPLICATE_METHOD_MATCH = YES;
				COPY_PHASE_STRIP = NO;
				DEBUG_INFORMATION_FORMAT = dwarf;
				ENABLE_STRICT_OBJC_MSGSEND = YES;
				ENABLE_TESTABILITY = YES;
				GCC_C_LANGUAGE_STANDARD = gnu11;
				GCC_DYNAMIC_NO_PIC = NO;
				GCC_NO_COMMON_BLOCKS = YES;
				GCC_OPTIMIZATION_LEVEL = 0;
				GCC_PREPROCESSOR_DEFINITIONS = (
					"DEBUG=1",
					"$(inherited)",
				);
				GCC_WARN_64_TO_32_BIT_CONVERSION = YES;
				GCC_WARN_ABOUT_RETURN_TYPE = YES_ERROR;
				GCC_WARN_UNDECLARED_SELECTOR = YES;
				GCC_WARN_UNINITIALIZED_AUTOS = YES_AGGRESSIVE;
				GCC_WARN_UNUSED_FUNCTION = YES;
				GCC_WARN_UNUSED_VARIABLE = YES;
				IPHONEOS_DEPLOYMENT_TARGET = 13.2;
				MTL_ENABLE_DEBUG_INFO = INCLUDE_SOURCE;
				MTL_FAST_MATH = YES;
				ONLY_ACTIVE_ARCH = YES;
				SDKROOT = iphoneos;
				SWIFT_ACTIVE_COMPILATION_CONDITIONS = DEBUG;
				SWIFT_OPTIMIZATION_LEVEL = "-Onone";
			};
			name = Debug;
		};
		BB477582251211EC00AE185B /* Release */ = {
			isa = XCBuildConfiguration;
			buildSettings = {
				ALWAYS_SEARCH_USER_PATHS = NO;
				CLANG_ANALYZER_NONNULL = YES;
				CLANG_ANALYZER_NUMBER_OBJECT_CONVERSION = YES_AGGRESSIVE;
				CLANG_CXX_LANGUAGE_STANDARD = "gnu++14";
				CLANG_CXX_LIBRARY = "libc++";
				CLANG_ENABLE_MODULES = YES;
				CLANG_ENABLE_OBJC_ARC = YES;
				CLANG_ENABLE_OBJC_WEAK = YES;
				CLANG_WARN_BLOCK_CAPTURE_AUTORELEASING = YES;
				CLANG_WARN_BOOL_CONVERSION = YES;
				CLANG_WARN_COMMA = YES;
				CLANG_WARN_CONSTANT_CONVERSION = YES;
				CLANG_WARN_DEPRECATED_OBJC_IMPLEMENTATIONS = YES;
				CLANG_WARN_DIRECT_OBJC_ISA_USAGE = YES_ERROR;
				CLANG_WARN_DOCUMENTATION_COMMENTS = YES;
				CLANG_WARN_EMPTY_BODY = YES;
				CLANG_WARN_ENUM_CONVERSION = YES;
				CLANG_WARN_INFINITE_RECURSION = YES;
				CLANG_WARN_INT_CONVERSION = YES;
				CLANG_WARN_NON_LITERAL_NULL_CONVERSION = YES;
				CLANG_WARN_OBJC_IMPLICIT_RETAIN_SELF = YES;
				CLANG_WARN_OBJC_LITERAL_CONVERSION = YES;
				CLANG_WARN_OBJC_ROOT_CLASS = YES_ERROR;
				CLANG_WARN_RANGE_LOOP_ANALYSIS = YES;
				CLANG_WARN_STRICT_PROTOTYPES = YES;
				CLANG_WARN_SUSPICIOUS_MOVE = YES;
				CLANG_WARN_UNGUARDED_AVAILABILITY = YES_AGGRESSIVE;
				CLANG_WARN_UNREACHABLE_CODE = YES;
				CLANG_WARN__DUPLICATE_METHOD_MATCH = YES;
				COPY_PHASE_STRIP = NO;
				DEBUG_INFORMATION_FORMAT = "dwarf-with-dsym";
				ENABLE_NS_ASSERTIONS = NO;
				ENABLE_STRICT_OBJC_MSGSEND = YES;
				GCC_C_LANGUAGE_STANDARD = gnu11;
				GCC_NO_COMMON_BLOCKS = YES;
				GCC_WARN_64_TO_32_BIT_CONVERSION = YES;
				GCC_WARN_ABOUT_RETURN_TYPE = YES_ERROR;
				GCC_WARN_UNDECLARED_SELECTOR = YES;
				GCC_WARN_UNINITIALIZED_AUTOS = YES_AGGRESSIVE;
				GCC_WARN_UNUSED_FUNCTION = YES;
				GCC_WARN_UNUSED_VARIABLE = YES;
				IPHONEOS_DEPLOYMENT_TARGET = 13.2;
				MTL_ENABLE_DEBUG_INFO = NO;
				MTL_FAST_MATH = YES;
				SDKROOT = iphoneos;
				SWIFT_COMPILATION_MODE = wholemodule;
				SWIFT_OPTIMIZATION_LEVEL = "-O";
				VALIDATE_PRODUCT = YES;
			};
			name = Release;
		};
		BB477584251211EC00AE185B /* Debug */ = {
			isa = XCBuildConfiguration;
			buildSettings = {
				ASSETCATALOG_COMPILER_APPICON_NAME = AppIcon;
				CODE_SIGN_STYLE = Automatic;
				INFOPLIST_FILE = InstaPhoto/Info.plist;
				LD_RUNPATH_SEARCH_PATHS = (
					"$(inherited)",
					"@executable_path/Frameworks",
				);
				PRODUCT_BUNDLE_IDENTIFIER = "Mahmoud.Abdul-Wahab.InstaPhoto";
				PRODUCT_NAME = "$(TARGET_NAME)";
				SWIFT_VERSION = 5.0;
				TARGETED_DEVICE_FAMILY = "1,2";
			};
			name = Debug;
		};
		BB477585251211EC00AE185B /* Release */ = {
			isa = XCBuildConfiguration;
			buildSettings = {
				ASSETCATALOG_COMPILER_APPICON_NAME = AppIcon;
				CODE_SIGN_STYLE = Automatic;
				INFOPLIST_FILE = InstaPhoto/Info.plist;
				LD_RUNPATH_SEARCH_PATHS = (
					"$(inherited)",
					"@executable_path/Frameworks",
				);
				PRODUCT_BUNDLE_IDENTIFIER = "Mahmoud.Abdul-Wahab.InstaPhoto";
				PRODUCT_NAME = "$(TARGET_NAME)";
				SWIFT_VERSION = 5.0;
				TARGETED_DEVICE_FAMILY = "1,2";
			};
			name = Release;
		};
/* End XCBuildConfiguration section */

/* Begin XCConfigurationList section */
		BB47756A251211E700AE185B /* Build configuration list for PBXProject "InstaPhoto" */ = {
			isa = XCConfigurationList;
			buildConfigurations = (
				BB477581251211EC00AE185B /* Debug */,
				BB477582251211EC00AE185B /* Release */,
			);
			defaultConfigurationIsVisible = 0;
			defaultConfigurationName = Release;
		};
		BB477583251211EC00AE185B /* Build configuration list for PBXNativeTarget "InstaPhoto" */ = {
			isa = XCConfigurationList;
			buildConfigurations = (
				BB477584251211EC00AE185B /* Debug */,
				BB477585251211EC00AE185B /* Release */,
			);
			defaultConfigurationIsVisible = 0;
			defaultConfigurationName = Release;
		};
/* End XCConfigurationList section */
	};
	rootObject = BB477567251211E700AE185B /* Project object */;
}
